
Microsoft Visual Studio Solution File, Format Version 12.00
# Visual Studio Version 17
VisualStudioVersion = 17.11.35222.181
MinimumVisualStudioVersion = 10.0.40219.1
Project("{FAE04EC0-301F-11D3-BF4B-00C04F79EFBC}") = "PlanetSim", "PlanetSim\PlanetSim.csproj", "{F7D311C6-23FC-44D2-B981-C5FE067AD03E}"
EndProject
Global
	GlobalSection(SolutionConfigurationPlatforms) = preSolution
		Debug|Any CPU = Debug|Any CPU
		Release|Any CPU = Release|Any CPU
	EndGlobalSection
	GlobalSection(ProjectConfigurationPlatforms) = postSolution
		{F7D311C6-23FC-44D2-B981-C5FE067AD03E}.Debug|Any CPU.ActiveCfg = Debug|Any CPU
		{F7D311C6-23FC-44D2-B981-C5FE067AD03E}.Debug|Any CPU.Build.0 = Debug|Any CPU
		{F7D311C6-23FC-44D2-B981-C5FE067AD03E}.Release|Any CPU.ActiveCfg = Release|Any CPU
		{F7D311C6-23FC-44D2-B981-C5FE067AD03E}.Release|Any CPU.Build.0 = Release|Any CPU
	EndGlobalSection
	GlobalSection(SolutionProperties) = preSolution
		HideSolutionNode = FALSE
	EndGlobalSection
	GlobalSection(ExtensibilityGlobals) = postSolution
		SolutionGuid = {A7524178-2DD1-4380-BA48-C98B78D1EA0A}
	EndGlobalSection
EndGlobal
